hash: 060508a66b0a74a1107bb535eb5e0e8196c7ab17afb4eb8f62368e38a4b2022f
updated: 2017-01-14T23:59:55.665251782Z
imports:
- name: github.com/alecthomas/template
  version: a0175ee3bccc567396460bf5acd36800cb10c49c
  subpackages:
  - parse
- name: github.com/alecthomas/units
  version: 2efee857e7cfd4f3d0138cc3cbb1b4966962b93a
- name: gopkg.in/alecthomas/kingpin.v2
  version: e9044be3ab2a8e11d4e1f418d12f0790d57e8d70
devImports: []
